// !$*UTF8*$!
{
	archiveVersion = 1;
	classes = {
	};
	objectVersion = 56;
	objects = {

/* Begin PBXBuildFile section */
		F9C4FAA32B43B25000CE77A4 /* OkaneComeApp.swift in Sources */ = {isa = PBXBuildFile; fileRef = F9C4FAA22B43B25000CE77A4 /* OkaneComeApp.swift */; };
		F9C4FAA52B43B25000CE77A4 /* ContentView.swift in Sources */ = {isa = PBXBuildFile; fileRef = F9C4FAA42B43B25000CE77A4 /* ContentView.swift */; };
		F9C4FAA72B43B25000CE77A4 /* Cost.swift in Sources */ = {isa = PBXBuildFile; fileRef = F9C4FAA62B43B25000CE77A4 /* Cost.swift */; };
		F9C4FAA92B43B25400CE77A4 /* Assets.xcassets in Resources */ = {isa = PBXBuildFile; fileRef = F9C4FAA82B43B25400CE77A4 /* Assets.xcassets */; };
		F9C4FAAC2B43B25400CE77A4 /* Preview Assets.xcassets in Resources */ = {isa = PBXBuildFile; fileRef = F9C4FAAB2B43B25400CE77A4 /* Preview Assets.xcassets */; };
		F9E4C2762B43D6F4002A96D0 /* InputView.swift in Sources */ = {isa = PBXBuildFile; fileRef = F9E4C2752B43D6F4002A96D0 /* InputView.swift */; };
		F9E4C2782B43D776002A96D0 /* ListView.swift in Sources */ = {isa = PBXBuildFile; fileRef = F9E4C2772B43D776002A96D0 /* ListView.swift */; };
		F9E4C27A2B43D788002A96D0 /* CategoryView.swift in Sources */ = {isa = PBXBuildFile; fileRef = F9E4C2792B43D788002A96D0 /* CategoryView.swift */; };
		F9E8558B2B4BC20700A71FB3 /* ButtonStyle.swift in Sources */ = {isa = PBXBuildFile; fileRef = F9E8558A2B4BC20700A71FB3 /* ButtonStyle.swift */; };
/* End PBXBuildFile section */

/* Begin PBXFileReference section */
		F9C4FA9F2B43B25000CE77A4 /* OkaneCome.app */ = {isa = PBXFileReference; explicitFileType = wrapper.application; includeInIndex = 0; path = OkaneCome.app; sourceTree = BUILT_PRODUCTS_DIR; };
		F9C4FAA22B43B25000CE77A4 /* OkaneComeApp.swift */ = {isa = PBXFileReference; lastKnownFileType = sourcecode.swift; path = OkaneComeApp.swift; sourceTree = "<group>"; };
		F9C4FAA42B43B25000CE77A4 /* ContentView.swift */ = {isa = PBXFileReference; lastKnownFileType = sourcecode.swift; path = ContentView.swift; sourceTree = "<group>"; };
		F9C4FAA62B43B25000CE77A4 /* Cost.swift */ = {isa = PBXFileReference; lastKnownFileType = sourcecode.swift; path = Cost.swift; sourceTree = "<group>"; };
		F9C4FAA82B43B25400CE77A4 /* Assets.xcassets */ = {isa = PBXFileReference; lastKnownFileType = folder.assetcatalog; path = Assets.xcassets; sourceTree = "<group>"; };
		F9C4FAAB2B43B25400CE77A4 /* Preview Assets.xcassets */ = {isa = PBXFileReference; lastKnownFileType = folder.assetcatalog; path = "Preview Assets.xcassets"; sourceTree = "<group>"; };
		F9E4C2752B43D6F4002A96D0 /* InputView.swift */ = {isa = PBXFileReference; lastKnownFileType = sourcecode.swift; path = InputView.swift; sourceTree = "<group>"; };
		F9E4C2772B43D776002A96D0 /* ListView.swift */ = {isa = PBXFileReference; lastKnownFileType = sourcecode.swift; path = ListView.swift; sourceTree = "<group>"; };
		F9E4C2792B43D788002A96D0 /* CategoryView.swift */ = {isa = PBXFileReference; lastKnownFileType = sourcecode.swift; path = CategoryView.swift; sourceTree = "<group>"; };
		F9E8558A2B4BC20700A71FB3 /* ButtonStyle.swift */ = {isa = PBXFileReference; lastKnownFileType = sourcecode.swift; path = ButtonStyle.swift; sourceTree = "<group>"; };
/* End PBXFileReference section */

/* Begin PBXFrameworksBuildPhase section */
		F9C4FA9C2B43B25000CE77A4 /* Frameworks */ = {
			isa = PBXFrameworksBuildPhase;
			buildActionMask = 2147483647;
			files = (
			);
			runOnlyForDeploymentPostprocessing = 0;
		};
/* End PBXFrameworksBuildPhase section */

/* Begin PBXGroup section */
		F9C4FA962B43B25000CE77A4 = {
			isa = PBXGroup;
			children = (
				F9C4FAA12B43B25000CE77A4 /* OkaneCome */,
				F9C4FAA02B43B25000CE77A4 /* Products */,
			);
			sourceTree = "<group>";
		};
		F9C4FAA02B43B25000CE77A4 /* Products */ = {
			isa = PBXGroup;
			children = (
				F9C4FA9F2B43B25000CE77A4 /* OkaneCome.app */,
			);
			name = Products;
			sourceTree = "<group>";
		};
		F9C4FAA12B43B25000CE77A4 /* OkaneCome */ = {
			isa = PBXGroup;
			children = (
				F9C4FAA22B43B25000CE77A4 /* OkaneComeApp.swift */,
				F9C4FAA42B43B25000CE77A4 /* ContentView.swift */,
				F9E8558D2B4BE37600A71FB3 /* Menu */,
				F9C4FAA62B43B25000CE77A4 /* Cost.swift */,
				F9C4FAA82B43B25400CE77A4 /* Assets.xcassets */,
				F9C4FAAA2B43B25400CE77A4 /* Preview Content */,
			);
			path = OkaneCome;
			sourceTree = "<group>";
		};
		F9C4FAAA2B43B25400CE77A4 /* Preview Content */ = {
			isa = PBXGroup;
			children = (
				F9C4FAAB2B43B25400CE77A4 /* Preview Assets.xcassets */,
			);
			path = "Preview Content";
			sourceTree = "<group>";
		};
		F9E8558D2B4BE37600A71FB3 /* Menu */ = {
			isa = PBXGroup;
			children = (
				F9E4C2752B43D6F4002A96D0 /* InputView.swift */,
				F9E8558A2B4BC20700A71FB3 /* ButtonStyle.swift */,
				F9E4C2772B43D776002A96D0 /* ListView.swift */,
				F9E4C2792B43D788002A96D0 /* CategoryView.swift */,
			);
			path = Menu;
			sourceTree = "<group>";
		};
/* End PBXGroup section */

/* Begin PBXNativeTarget section */
		F9C4FA9E2B43B25000CE77A4 /* OkaneCome */ = {
			isa = PBXNativeTarget;
			buildConfigurationList = F9C4FAAF2B43B25400CE77A4 /* Build configuration list for PBXNativeTarget "OkaneCome" */;
			buildPhases = (
				F9C4FA9B2B43B25000CE77A4 /* Sources */,
				F9C4FA9C2B43B25000CE77A4 /* Frameworks */,
				F9C4FA9D2B43B25000CE77A4 /* Resources */,
			);
			buildRules = (
			);
			dependencies = (
			);
			name = OkaneCome;
			productName = OkaneCome;
			productReference = F9C4FA9F2B43B25000CE77A4 /* OkaneCome.app */;
			productType = "com.apple.product-type.application";
		};
/* End PBXNativeTarget section */

/* Begin PBXProject section */
		F9C4FA972B43B25000CE77A4 /* Project object */ = {
			isa = PBXProject;
			attributes = {
				BuildIndependentTargetsInParallel = 1;
				LastSwiftUpdateCheck = 1510;
				LastUpgradeCheck = 1510;
				TargetAttributes = {
					F9C4FA9E2B43B25000CE77A4 = {
						CreatedOnToolsVersion = 15.1;
					};
				};
			};
			buildConfigurationList = F9C4FA9A2B43B25000CE77A4 /* Build configuration list for PBXProject "OkaneCome" */;
			compatibilityVersion = "Xcode 14.0";
			developmentRegion = en;
			hasScannedForEncodings = 0;
			knownRegions = (
				en,
				Base,
			);
			mainGroup = F9C4FA962B43B25000CE77A4;
			productRefGroup = F9C4FAA02B43B25000CE77A4 /* Products */;
			projectDirPath = "";
			projectRoot = "";
			targets = (
				F9C4FA9E2B43B25000CE77A4 /* OkaneCome */,
			);
		};
/* End PBXProject section */

/* Begin PBXResourcesBuildPhase section */
		F9C4FA9D2B43B25000CE77A4 /* Resources */ = {
			isa = PBXResourcesBuildPhase;
			buildActionMask = 2147483647;
			files = (
				F9C4FAAC2B43B25400CE77A4 /* Preview Assets.xcassets in Resources */,
				F9C4FAA92B43B25400CE77A4 /* Assets.xcassets in Resources */,
			);
			runOnlyForDeploymentPostprocessing = 0;
		};
/* End PBXResourcesBuildPhase section */

/* Begin PBXSourcesBuildPhase section */
		F9C4FA9B2B43B25000CE77A4 /* Sources */ = {
			isa = PBXSourcesBuildPhase;
			buildActionMask = 2147483647;
			files = (
				F9E4C2782B43D776002A96D0 /* ListView.swift in Sources */,
				F9C4FAA52B43B25000CE77A4 /* ContentView.swift in Sources */,
				F9E4C27A2B43D788002A96D0 /* CategoryView.swift in Sources */,
				F9E4C2762B43D6F4002A96D0 /* InputView.swift in Sources */,
				F9C4FAA72B43B25000CE77A4 /* Cost.swift in Sources */,
				F9C4FAA32B43B25000CE77A4 /* OkaneComeApp.swift in Sources */,
				F9E8558B2B4BC20700A71FB3 /* ButtonStyle.swift in Sources */,
			);
			runOnlyForDeploymentPostprocessing = 0;
		};
/* End PBXSourcesBuildPhase section */

/* Begin XCBuildConfiguration section */
		F9C4FAAD2B43B25400CE77A4 /* Debug */ = {
			isa = XCBuildConfiguration;
			buildSettings = {
				ALWAYS_SEARCH_USER_PATHS = NO;
				ASSETCATALOG_COMPILER_GENERATE_SWIFT_ASSET_SYMBOL_EXTENSIONS = YES;
				CLANG_ANALYZER_NONNULL = YES;
				CLANG_ANALYZER_NUMBER_OBJECT_CONVERSION = YES_AGGRESSIVE;
				CLANG_CXX_LANGUAGE_STANDARD = "gnu++20";
				CLANG_ENABLE_MODULES = YES;
				CLANG_ENABLE_OBJC_ARC = YES;
				CLANG_ENABLE_OBJC_WEAK = YES;
				CLANG_WARN_BLOCK_CAPTURE_AUTORELEASING = YES;
				CLANG_WARN_BOOL_CONVERSION = YES;
				CLANG_WARN_COMMA = YES;
				CLANG_WARN_CONSTANT_CONVERSION = YES;
				CLANG_WARN_DEPRECATED_OBJC_IMPLEMENTATIONS = YES;
				CLANG_WARN_DIRECT_OBJC_ISA_USAGE = YES_ERROR;
				CLANG_WARN_DOCUMENTATION_COMMENTS = YES;
				CLANG_WARN_EMPTY_BODY = YES;
				CLANG_WARN_ENUM_CONVERSION = YES;
				CLANG_WARN_INFINITE_RECURSION = YES;
				CLANG_WARN_INT_CONVERSION = YES;
				CLANG_WARN_NON_LITERAL_NULL_CONVERSION = YES;
				CLANG_WARN_OBJC_IMPLICIT_RETAIN_SELF = YES;
				CLANG_WARN_OBJC_LITERAL_CONVERSION = YES;
				CLANG_WARN_OBJC_ROOT_CLASS = YES_ERROR;
				CLANG_WARN_QUOTED_INCLUDE_IN_FRAMEWORK_HEADER = YES;
				CLANG_WARN_RANGE_LOOP_ANALYSIS = YES;
				CLANG_WARN_STRICT_PROTOTYPES = YES;
				CLANG_WARN_SUSPICIOUS_MOVE = YES;
				CLANG_WARN_UNGUARDED_AVAILABILITY = YES_AGGRESSIVE;
				CLANG_WARN_UNREACHABLE_CODE = YES;
				CLANG_WARN__DUPLICATE_METHOD_MATCH = YES;
				COPY_PHASE_STRIP = NO;
				DEBUG_INFORMATION_FORMAT = dwarf;
				ENABLE_STRICT_OBJC_MSGSEND = YES;
				ENABLE_TESTABILITY = YES;
				ENABLE_USER_SCRIPT_SANDBOXING = YES;
				GCC_C_LANGUAGE_STANDARD = gnu17;
				GCC_DYNAMIC_NO_PIC = NO;
				GCC_NO_COMMON_BLOCKS = YES;
				GCC_OPTIMIZATION_LEVEL = 0;
				GCC_PREPROCESSOR_DEFINITIONS = (
					"DEBUG=1",
					"$(inherited)",
				);
				GCC_WARN_64_TO_32_BIT_CONVERSION = YES;
				GCC_WARN_ABOUT_RETURN_TYPE = YES_ERROR;
				GCC_WARN_UNDECLARED_SELECTOR = YES;
				GCC_WARN_UNINITIALIZED_AUTOS = YES_AGGRESSIVE;
				GCC_WARN_UNUSED_FUNCTION = YES;
				GCC_WARN_UNUSED_VARIABLE = YES;
				IPHONEOS_DEPLOYMENT_TARGET = 17.2;
				LOCALIZATION_PREFERS_STRING_CATALOGS = YES;
				MTL_ENABLE_DEBUG_INFO = INCLUDE_SOURCE;
				MTL_FAST_MATH = YES;
				ONLY_ACTIVE_ARCH = YES;
				SDKROOT = iphoneos;
				SWIFT_ACTIVE_COMPILATION_CONDITIONS = "DEBUG $(inherited)";
				SWIFT_OPTIMIZATION_LEVEL = "-Onone";
			};
			name = Debug;
		};
		F9C4FAAE2B43B25400CE77A4 /* Release */ = {
			isa = XCBuildConfiguration;
			buildSettings = {
				ALWAYS_SEARCH_USER_PATHS = NO;
				ASSETCATALOG_COMPILER_GENERATE_SWIFT_ASSET_SYMBOL_EXTENSIONS = YES;
				CLANG_ANALYZER_NONNULL = YES;
				CLANG_ANALYZER_NUMBER_OBJECT_CONVERSION = YES_AGGRESSIVE;
				CLANG_CXX_LANGUAGE_STANDARD = "gnu++20";
				CLANG_ENABLE_MODULES = YES;
				CLANG_ENABLE_OBJC_ARC = YES;
				CLANG_ENABLE_OBJC_WEAK = YES;
				CLANG_WARN_BLOCK_CAPTURE_AUTORELEASING = YES;
				CLANG_WARN_BOOL_CONVERSION = YES;
				CLANG_WARN_COMMA = YES;
				CLANG_WARN_CONSTANT_CONVERSION = YES;
				CLANG_WARN_DEPRECATED_OBJC_IMPLEMENTATIONS = YES;
				CLANG_WARN_DIRECT_OBJC_ISA_USAGE = YES_ERROR;
				CLANG_WARN_DOCUMENTATION_COMMENTS = YES;
				CLANG_WARN_EMPTY_BODY = YES;
				CLANG_WARN_ENUM_CONVERSION = YES;
				CLANG_WARN_INFINITE_RECURSION = YES;
				CLANG_WARN_INT_CONVERSION = YES;
				CLANG_WARN_NON_LITERAL_NULL_CONVERSION = YES;
				CLANG_WARN_OBJC_IMPLICIT_RETAIN_SELF = YES;
				CLANG_WARN_OBJC_LITERAL_CONVERSION = YES;
				CLANG_WARN_OBJC_ROOT_CLASS = YES_ERROR;
				CLANG_WARN_QUOTED_INCLUDE_IN_FRAMEWORK_HEADER = YES;
				CLANG_WARN_RANGE_LOOP_ANALYSIS = YES;
				CLANG_WARN_STRICT_PROTOTYPES = YES;
				CLANG_WARN_SUSPICIOUS_MOVE = YES;
				CLANG_WARN_UNGUARDED_AVAILABILITY = YES_AGGRESSIVE;
				CLANG_WARN_UNREACHABLE_CODE = YES;
				CLANG_WARN__DUPLICATE_METHOD_MATCH = YES;
				COPY_PHASE_STRIP = NO;
				DEBUG_INFORMATION_FORMAT = "dwarf-with-dsym";
				ENABLE_NS_ASSERTIONS = NO;
				ENABLE_STRICT_OBJC_MSGSEND = YES;
				ENABLE_USER_SCRIPT_SANDBOXING = YES;
				GCC_C_LANGUAGE_STANDARD = gnu17;
				GCC_NO_COMMON_BLOCKS = YES;
				GCC_WARN_64_TO_32_BIT_CONVERSION = YES;
				GCC_WARN_ABOUT_RETURN_TYPE = YES_ERROR;
				GCC_WARN_UNDECLARED_SELECTOR = YES;
				GCC_WARN_UNINITIALIZED_AUTOS = YES_AGGRESSIVE;
				GCC_WARN_UNUSED_FUNCTION = YES;
				GCC_WARN_UNUSED_VARIABLE = YES;
				IPHONEOS_DEPLOYMENT_TARGET = 17.2;
				LOCALIZATION_PREFERS_STRING_CATALOGS = YES;
				MTL_ENABLE_DEBUG_INFO = NO;
				MTL_FAST_MATH = YES;
				SDKROOT = iphoneos;
				SWIFT_COMPILATION_MODE = wholemodule;
				VALIDATE_PRODUCT = YES;
			};
			name = Release;
		};
		F9C4FAB02B43B25400CE77A4 /* Debug */ = {
			isa = XCBuildConfiguration;
			buildSettings = {
				ASSETCATALOG_COMPILER_APPICON_NAME = AppIcon;
				ASSETCATALOG_COMPILER_GLOBAL_ACCENT_COLOR_NAME = AccentColor;
				CODE_SIGN_STYLE = Automatic;
				CURRENT_PROJECT_VERSION = 1;
				DEVELOPMENT_ASSET_PATHS = "\"OkaneCome/Preview Content\"";
				ENABLE_PREVIEWS = YES;
				GENERATE_INFOPLIST_FILE = YES;
				INFOPLIST_KEY_UIApplicationSceneManifest_Generation = YES;
				INFOPLIST_KEY_UIApplicationSupportsIndirectInputEvents = YES;
				INFOPLIST_KEY_UILaunchScreen_Generation = YES;
				INFOPLIST_KEY_UISupportedInterfaceOrientations_iPad = "UIInterfaceOrientationPortrait UIInterfaceOrientationPortraitUpsideDown UIInterfaceOrientationLandscapeLeft UIInterfaceOrientationLandscapeRight";
				INFOPLIST_KEY_UISupportedInterfaceOrientations_iPhone = "UIInterfaceOrientationPortrait UIInterfaceOrientationLandscapeLeft UIInterfaceOrientationLandscapeRight";
				LD_RUNPATH_SEARCH_PATHS = (
					"$(inherited)",
					"@executable_path/Frameworks",
				);
				MARKETING_VERSION = 1.0;
				PRODUCT_BUNDLE_IDENTIFIER = udaikue.OkaneCome;
				PRODUCT_NAME = "$(TARGET_NAME)";
				SWIFT_EMIT_LOC_STRINGS = YES;
				SWIFT_VERSION = 5.0;
				TARGETED_DEVICE_FAMILY = "1,2";
			};
			name = Debug;
		};
		F9C4FAB12B43B25400CE77A4 /* Release */ = {
			isa = XCBuildConfiguration;
			buildSettings = {
				ASSETCATALOG_COMPILER_APPICON_NAME = AppIcon;
				ASSETCATALOG_COMPILER_GLOBAL_ACCENT_COLOR_NAME = AccentColor;
				CODE_SIGN_STYLE = Automatic;
				CURRENT_PROJECT_VERSION = 1;
				DEVELOPMENT_ASSET_PATHS = "\"OkaneCome/Preview Content\"";
				ENABLE_PREVIEWS = YES;
				GENERATE_INFOPLIST_FILE = YES;
				INFOPLIST_KEY_UIApplicationSceneManifest_Generation = YES;
				INFOPLIST_KEY_UIApplicationSupportsIndirectInputEvents = YES;
				INFOPLIST_KEY_UILaunchScreen_Generation = YES;
				INFOPLIST_KEY_UISupportedInterfaceOrientations_iPad = "UIInterfaceOrientationPortrait UIInterfaceOrientationPortraitUpsideDown UIInterfaceOrientationLandscapeLeft UIInterfaceOrientationLandscapeRight";
				INFOPLIST_KEY_UISupportedInterfaceOrientations_iPhone = "UIInterfaceOrientationPortrait UIInterfaceOrientationLandscapeLeft UIInterfaceOrientationLandscapeRight";
				LD_RUNPATH_SEARCH_PATHS = (
					"$(inherited)",
					"@executable_path/Frameworks",
				);
				MARKETING_VERSION = 1.0;
				PRODUCT_BUNDLE_IDENTIFIER = udaikue.OkaneCome;
				PRODUCT_NAME = "$(TARGET_NAME)";
				SWIFT_EMIT_LOC_STRINGS = YES;
				SWIFT_VERSION = 5.0;
				TARGETED_DEVICE_FAMILY = "1,2";
			};
			name = Release;
		};
/* End XCBuildConfiguration section */

/* Begin XCConfigurationList section */
		F9C4FA9A2B43B25000CE77A4 /* Build configuration list for PBXProject "OkaneCome" */ = {
			isa = XCConfigurationList;
			buildConfigurations = (
				F9C4FAAD2B43B25400CE77A4 /* Debug */,
				F9C4FAAE2B43B25400CE77A4 /* Release */,
			);
			defaultConfigurationIsVisible = 0;
			defaultConfigurationName = Release;
		};
		F9C4FAAF2B43B25400CE77A4 /* Build configuration list for PBXNativeTarget "OkaneCome" */ = {
			isa = XCConfigurationList;
			buildConfigurations = (
				F9C4FAB02B43B25400CE77A4 /* Debug */,
				F9C4FAB12B43B25400CE77A4 /* Release */,
			);
			defaultConfigurationIsVisible = 0;
			defaultConfigurationName = Release;
		};
/* End XCConfigurationList section */
	};
	rootObject = F9C4FA972B43B25000CE77A4 /* Project object */;
}
